
Microsoft Visual Studio Solution File, Format Version 12.00
# Visual Studio Version 17
VisualStudioVersion = 17.7.34221.43
MinimumVisualStudioVersion = 10.0.40219.1
Project("{8BC9CEB8-8B4A-11D0-8D11-00A0C91BC942}") = "DNOFlight", "DNOFlight.vcxproj", "{40C0DE3E-F899-440F-8F87-ACAA67CE4AC4}"
EndProject
Project("{8BC9CEB8-8B4A-11D0-8D11-00A0C91BC942}") = "Wire-2.0.0", "Libraries\Wire\2.0.0\Wire\Wire-2.0.0.vcxitems", "{2147457F-AD03-471A-AC9E-C4BDB7559E32}"
EndProject
Project("{8BC9CEB8-8B4A-11D0-8D11-00A0C91BC942}") = "Bolder_Flight_Systems_Eigen-3.0.2", "Libraries\Bolder_Flight_Systems_Eigen\3.0.2\Bolder_Flight_Systems_Eigen\Bolder_Flight_Systems_Eigen-3.0.2.vcxitems", "{D5AC4352-C1ED-4F4A-9A20-AC1B884367EB}"
EndProject
Project("{8BC9CEB8-8B4A-11D0-8D11-00A0C91BC942}") = "Bolder_Flight_Systems_Unit_Conversions-5.0.0", "Libraries\Bolder_Flight_Systems_Unit_Conversions\5.0.0\Bolder_Flight_Systems_Unit_Conversions\Bolder_Flight_Systems_Unit_Conversions-5.0.0.vcxitems", "{94179A8F-C423-4555-9100-86DD123946A5}"
EndProject
Project("{8BC9CEB8-8B4A-11D0-8D11-00A0C91BC942}") = "Bolder_Flight_Systems_MPU9250-5.6.0", "Libraries\Bolder_Flight_Systems_MPU9250\5.6.0\Bolder_Flight_Systems_MPU9250\Bolder_Flight_Systems_MPU9250-5.6.0.vcxitems", "{CB858288-4F6E-4EB1-98BF-247E411AD820}"
EndProject
Global
	GlobalSection(SolutionConfigurationPlatforms) = preSolution
		Debug|ARM = Debug|ARM
		Debug|ARM64 = Debug|ARM64
		Debug|x64 = Debug|x64
		Debug|x86 = Debug|x86
		Release|ARM = Release|ARM
		Release|ARM64 = Release|ARM64
		Release|x64 = Release|x64
		Release|x86 = Release|x86
	EndGlobalSection
	GlobalSection(ProjectConfigurationPlatforms) = postSolution
		{40C0DE3E-F899-440F-8F87-ACAA67CE4AC4}.Debug|ARM.ActiveCfg = Debug|ARM
		{40C0DE3E-F899-440F-8F87-ACAA67CE4AC4}.Debug|ARM.Build.0 = Debug|ARM
		{40C0DE3E-F899-440F-8F87-ACAA67CE4AC4}.Debug|ARM.Deploy.0 = Debug|ARM
		{40C0DE3E-F899-440F-8F87-ACAA67CE4AC4}.Debug|ARM64.ActiveCfg = Debug|ARM64
		{40C0DE3E-F899-440F-8F87-ACAA67CE4AC4}.Debug|ARM64.Build.0 = Debug|ARM64
		{40C0DE3E-F899-440F-8F87-ACAA67CE4AC4}.Debug|ARM64.Deploy.0 = Debug|ARM64
		{40C0DE3E-F899-440F-8F87-ACAA67CE4AC4}.Debug|x64.ActiveCfg = Debug|x64
		{40C0DE3E-F899-440F-8F87-ACAA67CE4AC4}.Debug|x64.Build.0 = Debug|x64
		{40C0DE3E-F899-440F-8F87-ACAA67CE4AC4}.Debug|x64.Deploy.0 = Debug|x64
		{40C0DE3E-F899-440F-8F87-ACAA67CE4AC4}.Debug|x86.ActiveCfg = Debug|x86
		{40C0DE3E-F899-440F-8F87-ACAA67CE4AC4}.Debug|x86.Build.0 = Debug|x86
		{40C0DE3E-F899-440F-8F87-ACAA67CE4AC4}.Debug|x86.Deploy.0 = Debug|x86
		{40C0DE3E-F899-440F-8F87-ACAA67CE4AC4}.Release|ARM.ActiveCfg = Release|ARM
		{40C0DE3E-F899-440F-8F87-ACAA67CE4AC4}.Release|ARM.Build.0 = Release|ARM
		{40C0DE3E-F899-440F-8F87-ACAA67CE4AC4}.Release|ARM.Deploy.0 = Release|ARM
		{40C0DE3E-F899-440F-8F87-ACAA67CE4AC4}.Release|ARM64.ActiveCfg = Release|ARM64
		{40C0DE3E-F899-440F-8F87-ACAA67CE4AC4}.Release|ARM64.Build.0 = Release|ARM64
		{40C0DE3E-F899-440F-8F87-ACAA67CE4AC4}.Release|ARM64.Deploy.0 = Release|ARM64
		{40C0DE3E-F899-440F-8F87-ACAA67CE4AC4}.Release|x64.ActiveCfg = Release|x64
		{40C0DE3E-F899-440F-8F87-ACAA67CE4AC4}.Release|x64.Build.0 = Release|x64
		{40C0DE3E-F899-440F-8F87-ACAA67CE4AC4}.Release|x64.Deploy.0 = Release|x64
		{40C0DE3E-F899-440F-8F87-ACAA67CE4AC4}.Release|x86.ActiveCfg = Release|x86
		{40C0DE3E-F899-440F-8F87-ACAA67CE4AC4}.Release|x86.Build.0 = Release|x86
		{40C0DE3E-F899-440F-8F87-ACAA67CE4AC4}.Release|x86.Deploy.0 = Release|x86
	EndGlobalSection
	GlobalSection(SolutionProperties) = preSolution
		HideSolutionNode = FALSE
	EndGlobalSection
	GlobalSection(ExtensibilityGlobals) = postSolution
		SolutionGuid = {82DA8797-8769-4474-9551-D030CC4C9C2A}
	EndGlobalSection
	GlobalSection(SharedMSBuildProjectFiles) = preSolution
		Libraries\Wire\2.0.0\Wire\Wire-2.0.0.vcxitems*{2147457f-ad03-471a-ac9e-c4bdb7559e32}*SharedItemsImports = 9
		Libraries\Bolder_Flight_Systems_Eigen\3.0.2\Bolder_Flight_Systems_Eigen\Bolder_Flight_Systems_Eigen-3.0.2.vcxitems*{40c0de3e-f899-440f-8f87-acaa67ce4ac4}*SharedItemsImports = 4
		Libraries\Bolder_Flight_Systems_MPU9250\5.6.0\Bolder_Flight_Systems_MPU9250\Bolder_Flight_Systems_MPU9250-5.6.0.vcxitems*{40c0de3e-f899-440f-8f87-acaa67ce4ac4}*SharedItemsImports = 4
		Libraries\Bolder_Flight_Systems_Unit_Conversions\5.0.0\Bolder_Flight_Systems_Unit_Conversions\Bolder_Flight_Systems_Unit_Conversions-5.0.0.vcxitems*{40c0de3e-f899-440f-8f87-acaa67ce4ac4}*SharedItemsImports = 4
		Libraries\Wire\2.0.0\Wire\Wire-2.0.0.vcxitems*{40c0de3e-f899-440f-8f87-acaa67ce4ac4}*SharedItemsImports = 4
		Libraries\Bolder_Flight_Systems_Unit_Conversions\5.0.0\Bolder_Flight_Systems_Unit_Conversions\Bolder_Flight_Systems_Unit_Conversions-5.0.0.vcxitems*{94179a8f-c423-4555-9100-86dd123946a5}*SharedItemsImports = 9
		Libraries\Bolder_Flight_Systems_MPU9250\5.6.0\Bolder_Flight_Systems_MPU9250\Bolder_Flight_Systems_MPU9250-5.6.0.vcxitems*{cb858288-4f6e-4eb1-98bf-247e411ad820}*SharedItemsImports = 9
		Libraries\Bolder_Flight_Systems_Eigen\3.0.2\Bolder_Flight_Systems_Eigen\Bolder_Flight_Systems_Eigen-3.0.2.vcxitems*{d5ac4352-c1ed-4f4a-9a20-ac1b884367eb}*SharedItemsImports = 9
	EndGlobalSection
EndGlobal
